
Microsoft Visual Studio Solution File, Format Version 12.00
# Visual Studio Version 17
VisualStudioVersion = 17.8.34004.107
MinimumVisualStudioVersion = 10.0.40219.1
Project("{FAE04EC0-301F-11D3-BF4B-00C04F79EFBC}") = "MornyMorse", "MornyMorse.csproj", "{A76E13D8-76B5-45C0-9885-605B630AEB45}"
EndProject
Global
	GlobalSection(SolutionConfigurationPlatforms) = preSolution
		Debug|Any CPU = Debug|Any CPU
		Release|Any CPU = Release|Any CPU
	EndGlobalSection
	GlobalSection(ProjectConfigurationPlatforms) = postSolution
		{A76E13D8-76B5-45C0-9885-605B630AEB45}.Debug|Any CPU.ActiveCfg = Debug|Any CPU
		{A76E13D8-76B5-45C0-9885-605B630AEB45}.Debug|Any CPU.Build.0 = Debug|Any CPU
		{A76E13D8-76B5-45C0-9885-605B630AEB45}.Release|Any CPU.ActiveCfg = Release|Any CPU
		{A76E13D8-76B5-45C0-9885-605B630AEB45}.Release|Any CPU.Build.0 = Release|Any CPU
	EndGlobalSection
	GlobalSection(SolutionProperties) = preSolution
		HideSolutionNode = FALSE
	EndGlobalSection
	GlobalSection(ExtensibilityGlobals) = postSolution
		SolutionGuid = {3C9769F2-C634-48A6-8582-3C754355ABEF}
	EndGlobalSection
EndGlobal
